
Microsoft Visual Studio Solution File, Format Version 12.00
# Visual Studio Version 16
VisualStudioVersion = 16.0.34601.136
MinimumVisualStudioVersion = 10.0.40219.1
Project("{FAE04EC0-301F-11D3-BF4B-00C04F79EFBC}") = "ADO.NET implementations", "ADO.NET implementations\ADO.NET implementations.csproj", "{174ED446-6EE5-4FBD-A3C4-89EFE6D213A0}"
EndProject
Global
	GlobalSection(SolutionConfigurationPlatforms) = preSolution
		Debug|Any CPU = Debug|Any CPU
		Debug|x64 = Debug|x64
		Release|Any CPU = Release|Any CPU
		Release|x64 = Release|x64
	EndGlobalSection
	GlobalSection(ProjectConfigurationPlatforms) = postSolution
		{174ED446-6EE5-4FBD-A3C4-89EFE6D213A0}.Debug|Any CPU.ActiveCfg = Debug|Any CPU
		{174ED446-6EE5-4FBD-A3C4-89EFE6D213A0}.Debug|Any CPU.Build.0 = Debug|Any CPU
		{174ED446-6EE5-4FBD-A3C4-89EFE6D213A0}.Debug|x64.ActiveCfg = Debug|Any CPU
		{174ED446-6EE5-4FBD-A3C4-89EFE6D213A0}.Debug|x64.Build.0 = Debug|Any CPU
		{174ED446-6EE5-4FBD-A3C4-89EFE6D213A0}.Release|Any CPU.ActiveCfg = Release|Any CPU
		{174ED446-6EE5-4FBD-A3C4-89EFE6D213A0}.Release|Any CPU.Build.0 = Release|Any CPU
		{174ED446-6EE5-4FBD-A3C4-89EFE6D213A0}.Release|x64.ActiveCfg = Release|x64
		{174ED446-6EE5-4FBD-A3C4-89EFE6D213A0}.Release|x64.Build.0 = Release|x64
	EndGlobalSection
	GlobalSection(SolutionProperties) = preSolution
		HideSolutionNode = FALSE
	EndGlobalSection
	GlobalSection(ExtensibilityGlobals) = postSolution
		SolutionGuid = {6BDD98DC-77D8-49E7-BF5D-EEEF7B835C8D}
	EndGlobalSection
EndGlobal
